
Microsoft Visual Studio Solution File, Format Version 12.00
# Visual Studio Version 16
VisualStudioVersion = 16.0.29519.87
MinimumVisualStudioVersion = 10.0.40219.1
Project("{FAE04EC0-301F-11D3-BF4B-00C04F79EFBC}") = "LibraryGroupGiGiRanJo", "LibraryGroupGiGiRanJo\LibraryGroupGiGiRanJo.csproj", "{796A737B-72A9-406D-A230-80FE5FDFA21C}"
EndProject
Global
	GlobalSection(SolutionConfigurationPlatforms) = preSolution
		Debug|Any CPU = Debug|Any CPU
		Release|Any CPU = Release|Any CPU
	EndGlobalSection
	GlobalSection(ProjectConfigurationPlatforms) = postSolution
		{796A737B-72A9-406D-A230-80FE5FDFA21C}.Debug|Any CPU.ActiveCfg = Debug|Any CPU
		{796A737B-72A9-406D-A230-80FE5FDFA21C}.Debug|Any CPU.Build.0 = Debug|Any CPU
		{796A737B-72A9-406D-A230-80FE5FDFA21C}.Release|Any CPU.ActiveCfg = Release|Any CPU
		{796A737B-72A9-406D-A230-80FE5FDFA21C}.Release|Any CPU.Build.0 = Release|Any CPU
	EndGlobalSection
	GlobalSection(SolutionProperties) = preSolution
		HideSolutionNode = FALSE
	EndGlobalSection
	GlobalSection(ExtensibilityGlobals) = postSolution
		SolutionGuid = {1B689B18-B8CB-44D1-9600-30BFC5022F07}
	EndGlobalSection
EndGlobal
